
Microsoft Visual Studio Solution File, Format Version 12.00
# Visual Studio 15
VisualStudioVersion = 15.0.28010.2019
MinimumVisualStudioVersion = 10.0.40219.1
Project("{8BC9CEB8-8B4A-11D0-8D11-00A0C91BC942}") = "ConsoleApplication1", "ConsoleApplication1.vcxproj", "{55021B39-633F-4512-8D51-4805EA7D639F}"
EndProject
Global
	GlobalSection(SolutionConfigurationPlatforms) = preSolution
		Debug|x64 = Debug|x64
		Debug|x86 = Debug|x86
		Release|x64 = Release|x64
		Release|x86 = Release|x86
	EndGlobalSection
	GlobalSection(ProjectConfigurationPlatforms) = postSolution
		{55021B39-633F-4512-8D51-4805EA7D639F}.Debug|x64.ActiveCfg = Debug|x64
		{55021B39-633F-4512-8D51-4805EA7D639F}.Debug|x64.Build.0 = Debug|x64
		{55021B39-633F-4512-8D51-4805EA7D639F}.Debug|x86.ActiveCfg = Debug|Win32
		{55021B39-633F-4512-8D51-4805EA7D639F}.Debug|x86.Build.0 = Debug|Win32
		{55021B39-633F-4512-8D51-4805EA7D639F}.Release|x64.ActiveCfg = Release|x64
		{55021B39-633F-4512-8D51-4805EA7D639F}.Release|x64.Build.0 = Release|x64
		{55021B39-633F-4512-8D51-4805EA7D639F}.Release|x86.ActiveCfg = Release|Win32
		{55021B39-633F-4512-8D51-4805EA7D639F}.Release|x86.Build.0 = Release|Win32
	EndGlobalSection
	GlobalSection(SolutionProperties) = preSolution
		HideSolutionNode = FALSE
	EndGlobalSection
	GlobalSection(ExtensibilityGlobals) = postSolution
		SolutionGuid = {773B10D8-306A-486E-8374-65B75E9CCDCA}
	EndGlobalSection
EndGlobal
